{
    "name": "node-red-project",
    "version": "0.0.1",
    "lockfileVersion": 2,
    "requires": true,
    "packages": {
        "": {
            "name": "node-red-project",
            "version": "0.0.1",
            "dependencies": {
                "body-parser": "^1.20.1",
                "node-red-node-email": "~1.18.4",
                "nodemailer": "^6.9.0"
            }
        },
        "node_modules/body-parser": {
            "version": "1.20.1",
            "resolved": "https://registry.npmjs.org/body-parser/-/body-parser-1.20.1.tgz",
            "integrity": "sha512-jWi7abTbYwajOytWCQc37VulmWiRae5RyTpaCyDcS5/lMdtwSz5lOpDE67srw/HYe35f1z3fDQw+3txg7gNtWw==",
            "dependencies": {
                "bytes": "3.1.2",
                "content-type": "~1.0.4",
                "debug": "2.6.9",
                "depd": "2.0.0",
                "destroy": "1.2.0",
                "http-errors": "2.0.0",
                "iconv-lite": "0.4.24",
                "on-finished": "2.4.1",
                "qs": "6.11.0",
                "raw-body": "2.5.1",
                "type-is": "~1.6.18",
                "unpipe": "1.0.0"
            },
            "engines": {
                "node": ">= 0.8",
                "npm": "1.2.8000 || >= 1.4.16"
            }
        },
        "node_modules/bytes": {
            "version": "3.1.2",
            "resolved": "https://registry.npmjs.org/bytes/-/bytes-3.1.2.tgz",
            "integrity": "sha512-/Nf7TyzTx6S3yRJObOAV7956r8cr2+Oj8AC5dt8wSP3BQAoeX58NoHyCU8P8zGkNXStjTSi6fzO6F0pBdcYbEg==",
            "engines": {
                "node": ">= 0.8"
            }
        },
        "node_modules/call-bind": {
            "version": "1.0.2",
            "resolved": "https://registry.npmjs.org/call-bind/-/call-bind-1.0.2.tgz",
            "integrity": "sha512-7O+FbCihrB5WGbFYesctwmTKae6rOiIzmz1icreWJ+0aA7LJfuqhEso2T9ncpcFtzMQtzXf2QGGueWJGTYsqrA==",
            "dependencies": {
                "function-bind": "^1.1.1",
                "get-intrinsic": "^1.0.2"
            },
            "funding": {
                "url": "https://github.com/sponsors/ljharb"
            }
        },
        "node_modules/content-type": {
            "version": "1.0.4",
            "resolved": "https://registry.npmjs.org/content-type/-/content-type-1.0.4.tgz",
            "integrity": "sha512-hIP3EEPs8tB9AT1L+NUqtwOAps4mk2Zob89MWXMHjHWg9milF/j4osnnQLXBCBFBk/tvIG/tUc9mOUJiPBhPXA==",
            "engines": {
                "node": ">= 0.6"
            }
        },
        "node_modules/debug": {
            "version": "2.6.9",
            "resolved": "https://registry.npmjs.org/debug/-/debug-2.6.9.tgz",
            "integrity": "sha512-bC7ElrdJaJnPbAP+1EotYvqZsb3ecl5wi6Bfi6BJTUcNowp6cvspg0jXznRTKDjm/E7AdgFBVeAPVMNcKGsHMA==",
            "dependencies": {
                "ms": "2.0.0"
            }
        },
        "node_modules/depd": {
            "version": "2.0.0",
            "resolved": "https://registry.npmjs.org/depd/-/depd-2.0.0.tgz",
            "integrity": "sha512-g7nH6P6dyDioJogAAGprGpCtVImJhpPk/roCzdb3fIh61/s/nPsfR6onyMwkCAR/OlC3yBC0lESvUoQEAssIrw==",
            "engines": {
                "node": ">= 0.8"
            }
        },
        "node_modules/destroy": {
            "version": "1.2.0",
            "resolved": "https://registry.npmjs.org/destroy/-/destroy-1.2.0.tgz",
            "integrity": "sha512-2sJGJTaXIIaR1w4iJSNoN0hnMY7Gpc/n8D4qSCJw8QqFWXf7cuAgnEHxBpweaVcPevC2l3KpjYCx3NypQQgaJg==",
            "engines": {
                "node": ">= 0.8",
                "npm": "1.2.8000 || >= 1.4.16"
            }
        },
        "node_modules/ee-first": {
            "version": "1.1.1",
            "resolved": "https://registry.npmjs.org/ee-first/-/ee-first-1.1.1.tgz",
            "integrity": "sha512-WMwm9LhRUo+WUaRN+vRuETqG89IgZphVSNkdFgeb6sS/E4OrDIN7t48CAewSHXc6C8lefD8KKfr5vY61brQlow=="
        },
        "node_modules/function-bind": {
            "version": "1.1.1",
            "resolved": "https://registry.npmjs.org/function-bind/-/function-bind-1.1.1.tgz",
            "integrity": "sha512-yIovAzMX49sF8Yl58fSCWJ5svSLuaibPxXQJFLmBObTuCr0Mf1KiPopGM9NiFjiYBCbfaa2Fh6breQ6ANVTI0A=="
        },
        "node_modules/get-intrinsic": {
            "version": "1.1.3",
            "resolved": "https://registry.npmjs.org/get-intrinsic/-/get-intrinsic-1.1.3.tgz",
            "integrity": "sha512-QJVz1Tj7MS099PevUG5jvnt9tSkXN8K14dxQlikJuPt4uD9hHAHjLyLBiLR5zELelBdD9QNRAXZzsJx0WaDL9A==",
            "dependencies": {
                "function-bind": "^1.1.1",
                "has": "^1.0.3",
                "has-symbols": "^1.0.3"
            },
            "funding": {
                "url": "https://github.com/sponsors/ljharb"
            }
        },
        "node_modules/has": {
            "version": "1.0.3",
            "resolved": "https://registry.npmjs.org/has/-/has-1.0.3.tgz",
            "integrity": "sha512-f2dvO0VU6Oej7RkWJGrehjbzMAjFp5/VKPp5tTpWIV4JHHZK1/BxbFRtf/siA2SWTe09caDmVtYYzWEIbBS4zw==",
            "dependencies": {
                "function-bind": "^1.1.1"
            },
            "engines": {
                "node": ">= 0.4.0"
            }
        },
        "node_modules/has-symbols": {
            "version": "1.0.3",
            "resolved": "https://registry.npmjs.org/has-symbols/-/has-symbols-1.0.3.tgz",
            "integrity": "sha512-l3LCuF6MgDNwTDKkdYGEihYjt5pRPbEg46rtlmnSPlUbgmB8LOIrKJbYYFBSbnPaJexMKtiPO8hmeRjRz2Td+A==",
            "engines": {
                "node": ">= 0.4"
            },
            "funding": {
                "url": "https://github.com/sponsors/ljharb"
            }
        },
        "node_modules/http-errors": {
            "version": "2.0.0",
            "resolved": "https://registry.npmjs.org/http-errors/-/http-errors-2.0.0.tgz",
            "integrity": "sha512-FtwrG/euBzaEjYeRqOgly7G0qviiXoJWnvEH2Z1plBdXgbyjv34pHTSb9zoeHMyDy33+DWy5Wt9Wo+TURtOYSQ==",
            "dependencies": {
                "depd": "2.0.0",
                "inherits": "2.0.4",
                "setprototypeof": "1.2.0",
                "statuses": "2.0.1",
                "toidentifier": "1.0.1"
            },
            "engines": {
                "node": ">= 0.8"
            }
        },
        "node_modules/iconv-lite": {
            "version": "0.4.24",
            "resolved": "https://registry.npmjs.org/iconv-lite/-/iconv-lite-0.4.24.tgz",
            "integrity": "sha512-v3MXnZAcvnywkTUEZomIActle7RXXeedOR31wwl7VlyoXO4Qi9arvSenNQWne1TcRwhCL1HwLI21bEqdpj8/rA==",
            "dependencies": {
                "safer-buffer": ">= 2.1.2 < 3"
            },
            "engines": {
                "node": ">=0.10.0"
            }
        },
        "node_modules/inherits": {
            "version": "2.0.4",
            "resolved": "https://registry.npmjs.org/inherits/-/inherits-2.0.4.tgz",
            "integrity": "sha512-k/vGaX4/Yla3WzyMCvTQOXYeIHvqOKtnqBduzTHpzpQZzAskKMhZ2K+EnBiSM9zGSoIFeMpXKxa4dYeZIQqewQ=="
        },
        "node_modules/media-typer": {
            "version": "0.3.0",
            "resolved": "https://registry.npmjs.org/media-typer/-/media-typer-0.3.0.tgz",
            "integrity": "sha512-dq+qelQ9akHpcOl/gUVRTxVIOkAJ1wR3QAvb4RsVjS8oVoFjDGTc679wJYmUmknUF5HwMLOgb5O+a3KxfWapPQ==",
            "engines": {
                "node": ">= 0.6"
            }
        },
        "node_modules/mime-db": {
            "version": "1.52.0",
            "resolved": "https://registry.npmjs.org/mime-db/-/mime-db-1.52.0.tgz",
            "integrity": "sha512-sPU4uV7dYlvtWJxwwxHD0PuihVNiE7TyAbQ5SWxDCB9mUYvOgroQOwYQQOKPJ8CIbE+1ETVlOoK1UC2nU3gYvg==",
            "engines": {
                "node": ">= 0.6"
            }
        },
        "node_modules/mime-types": {
            "version": "2.1.35",
            "resolved": "https://registry.npmjs.org/mime-types/-/mime-types-2.1.35.tgz",
            "integrity": "sha512-ZDY+bPm5zTTF+YpCrAU9nK0UgICYPT0QtT1NZWFv4s++TNkcgVaT0g6+4R2uI4MjQjzysHB1zxuWL50hzaeXiw==",
            "dependencies": {
                "mime-db": "1.52.0"
            },
            "engines": {
                "node": ">= 0.6"
            }
        },
        "node_modules/ms": {
            "version": "2.0.0",
            "resolved": "https://registry.npmjs.org/ms/-/ms-2.0.0.tgz",
            "integrity": "sha512-Tpp60P6IUJDTuOq/5Z8cdskzJujfwqfOTkrwIwj7IRISpnkJnT6SyJ4PCPnGMoFjC9ddhal5KVIYtAt97ix05A=="
        },
        "node_modules/node-red-node-email": {
            "version": "1.18.4",
            "resolved": "https://registry.npmjs.org/node-red-node-email/-/node-red-node-email-1.18.4.tgz",
            "integrity": "sha512-Qu5r/g+g91UBmVBz8aSyof9v79PTvUNqa7KDgoPPJSb6ZwZtswV7orQil2Oio9ZChaejp3GG63LoLyqaPeU53Q==",
            "bundleDependencies": [
                "imap",
                "mailparser",
                "nodemailer",
                "smtp-server"
            ],
            "dependencies": {
                "imap": "^0.8.19",
                "mailparser": "~3.5.0",
                "nodemailer": "^6.8.0",
                "smtp-server": "^3.11.0"
            },
            "engines": {
                "node": ">=8.0.0"
            }
        },
        "node_modules/node-red-node-email/node_modules/@selderee/plugin-htmlparser2": {
            "version": "0.6.0",
            "inBundle": true,
            "license": "MIT",
            "dependencies": {
                "domhandler": "^4.2.0",
                "selderee": "^0.6.0"
            },
            "funding": {
                "url": "https://ko-fi.com/killymxi"
            }
        },
        "node_modules/node-red-node-email/node_modules/base32.js": {
            "version": "0.1.0",
            "inBundle": true,
            "license": "MIT",
            "engines": {
                "node": ">=0.12.0"
            }
        },
        "node_modules/node-red-node-email/node_modules/commander": {
            "version": "2.20.3",
            "inBundle": true,
            "license": "MIT"
        },
        "node_modules/node-red-node-email/node_modules/core-util-is": {
            "version": "1.0.3",
            "inBundle": true,
            "license": "MIT"
        },
        "node_modules/node-red-node-email/node_modules/deepmerge": {
            "version": "4.2.2",
            "inBundle": true,
            "license": "MIT",
            "engines": {
                "node": ">=0.10.0"
            }
        },
        "node_modules/node-red-node-email/node_modules/discontinuous-range": {
            "version": "1.0.0",
            "inBundle": true,
            "license": "MIT"
        },
        "node_modules/node-red-node-email/node_modules/dom-serializer": {
            "version": "1.4.1",
            "inBundle": true,
            "license": "MIT",
            "dependencies": {
                "domelementtype": "^2.0.1",
                "domhandler": "^4.2.0",
                "entities": "^2.0.0"
            },
            "funding": {
                "url": "https://github.com/cheeriojs/dom-serializer?sponsor=1"
            }
        },
        "node_modules/node-red-node-email/node_modules/domelementtype": {
            "version": "2.3.0",
            "funding": [
                {
                    "type": "github",
                    "url": "https://github.com/sponsors/fb55"
                }
            ],
            "inBundle": true,
            "license": "BSD-2-Clause"
        },
        "node_modules/node-red-node-email/node_modules/domhandler": {
            "version": "4.3.1",
            "inBundle": true,
            "license": "BSD-2-Clause",
            "dependencies": {
                "domelementtype": "^2.2.0"
            },
            "engines": {
                "node": ">= 4"
            },
            "funding": {
                "url": "https://github.com/fb55/domhandler?sponsor=1"
            }
        },
        "node_modules/node-red-node-email/node_modules/domutils": {
            "version": "2.8.0",
            "inBundle": true,
            "license": "BSD-2-Clause",
            "dependencies": {
                "dom-serializer": "^1.0.1",
                "domelementtype": "^2.2.0",
                "domhandler": "^4.2.0"
            },
            "funding": {
                "url": "https://github.com/fb55/domutils?sponsor=1"
            }
        },
        "node_modules/node-red-node-email/node_modules/encoding-japanese": {
            "version": "2.0.0",
            "inBundle": true,
            "license": "MIT",
            "engines": {
                "node": ">=8.10.0"
            }
        },
        "node_modules/node-red-node-email/node_modules/entities": {
            "version": "2.2.0",
            "inBundle": true,
            "license": "BSD-2-Clause",
            "funding": {
                "url": "https://github.com/fb55/entities?sponsor=1"
            }
        },
        "node_modules/node-red-node-email/node_modules/he": {
            "version": "1.2.0",
            "inBundle": true,
            "license": "MIT",
            "bin": {
                "he": "bin/he"
            }
        },
        "node_modules/node-red-node-email/node_modules/html-to-text": {
            "version": "8.2.0",
            "inBundle": true,
            "license": "MIT",
            "dependencies": {
                "@selderee/plugin-htmlparser2": "^0.6.0",
                "deepmerge": "^4.2.2",
                "he": "^1.2.0",
                "htmlparser2": "^6.1.0",
                "minimist": "^1.2.6",
                "selderee": "^0.6.0"
            },
            "bin": {
                "html-to-text": "bin/cli.js"
            },
            "engines": {
                "node": ">=10.23.2"
            }
        },
        "node_modules/node-red-node-email/node_modules/htmlparser2": {
            "version": "6.1.0",
            "funding": [
                "https://github.com/fb55/htmlparser2?sponsor=1",
                {
                    "type": "github",
                    "url": "https://github.com/sponsors/fb55"
                }
            ],
            "inBundle": true,
            "license": "MIT",
            "dependencies": {
                "domelementtype": "^2.0.1",
                "domhandler": "^4.0.0",
                "domutils": "^2.5.2",
                "entities": "^2.0.0"
            }
        },
        "node_modules/node-red-node-email/node_modules/iconv-lite": {
            "version": "0.6.3",
            "inBundle": true,
            "license": "MIT",
            "dependencies": {
                "safer-buffer": ">= 2.1.2 < 3.0.0"
            },
            "engines": {
                "node": ">=0.10.0"
            }
        },
        "node_modules/node-red-node-email/node_modules/imap": {
            "version": "0.8.19",
            "inBundle": true,
            "dependencies": {
                "readable-stream": "1.1.x",
                "utf7": ">=1.0.2"
            },
            "engines": {
                "node": ">=0.8.0"
            }
        },
        "node_modules/node-red-node-email/node_modules/inherits": {
            "version": "2.0.4",
            "inBundle": true,
            "license": "ISC"
        },
        "node_modules/node-red-node-email/node_modules/ipv6-normalize": {
            "version": "1.0.1",
            "inBundle": true,
            "license": "MIT"
        },
        "node_modules/node-red-node-email/node_modules/isarray": {
            "version": "0.0.1",
            "inBundle": true,
            "license": "MIT"
        },
        "node_modules/node-red-node-email/node_modules/libbase64": {
            "version": "1.2.1",
            "inBundle": true,
            "license": "MIT"
        },
        "node_modules/node-red-node-email/node_modules/libmime": {
            "version": "5.1.0",
            "inBundle": true,
            "license": "MIT",
            "dependencies": {
                "encoding-japanese": "2.0.0",
                "iconv-lite": "0.6.3",
                "libbase64": "1.2.1",
                "libqp": "1.1.0"
            }
        },
        "node_modules/node-red-node-email/node_modules/libqp": {
            "version": "1.1.0",
            "inBundle": true,
            "license": "MIT"
        },
        "node_modules/node-red-node-email/node_modules/linkify-it": {
            "version": "4.0.0",
            "inBundle": true,
            "license": "MIT",
            "dependencies": {
                "uc.micro": "^1.0.1"
            }
        },
        "node_modules/node-red-node-email/node_modules/mailparser": {
            "version": "3.5.0",
            "inBundle": true,
            "license": "MIT",
            "dependencies": {
                "encoding-japanese": "2.0.0",
                "he": "1.2.0",
                "html-to-text": "8.2.0",
                "iconv-lite": "0.6.3",
                "libmime": "5.1.0",
                "linkify-it": "4.0.0",
                "mailsplit": "5.3.2",
                "nodemailer": "6.7.3",
                "tlds": "1.231.0"
            }
        },
        "node_modules/node-red-node-email/node_modules/mailparser/node_modules/nodemailer": {
            "version": "6.7.3",
            "inBundle": true,
            "license": "MIT",
            "engines": {
                "node": ">=6.0.0"
            }
        },
        "node_modules/node-red-node-email/node_modules/mailsplit": {
            "version": "5.3.2",
            "inBundle": true,
            "license": "(MIT OR EUPL-1.1+)",
            "dependencies": {
                "libbase64": "1.2.1",
                "libmime": "5.1.0",
                "libqp": "1.1.0"
            }
        },
        "node_modules/node-red-node-email/node_modules/minimist": {
            "version": "1.2.7",
            "inBundle": true,
            "license": "MIT",
            "funding": {
                "url": "https://github.com/sponsors/ljharb"
            }
        },
        "node_modules/node-red-node-email/node_modules/moo": {
            "version": "0.5.2",
            "inBundle": true,
            "license": "BSD-3-Clause"
        },
        "node_modules/node-red-node-email/node_modules/nearley": {
            "version": "2.20.1",
            "inBundle": true,
            "license": "MIT",
            "dependencies": {
                "commander": "^2.19.0",
                "moo": "^0.5.0",
                "railroad-diagrams": "^1.0.0",
                "randexp": "0.4.6"
            },
            "bin": {
                "nearley-railroad": "bin/nearley-railroad.js",
                "nearley-test": "bin/nearley-test.js",
                "nearley-unparse": "bin/nearley-unparse.js",
                "nearleyc": "bin/nearleyc.js"
            },
            "funding": {
                "type": "individual",
                "url": "https://nearley.js.org/#give-to-nearley"
            }
        },
        "node_modules/node-red-node-email/node_modules/nodemailer": {
            "version": "6.8.0",
            "inBundle": true,
            "license": "MIT",
            "engines": {
                "node": ">=6.0.0"
            }
        },
        "node_modules/node-red-node-email/node_modules/parseley": {
            "version": "0.7.0",
            "inBundle": true,
            "license": "MIT",
            "dependencies": {
                "moo": "^0.5.1",
                "nearley": "^2.20.1"
            },
            "funding": {
                "url": "https://ko-fi.com/killymxi"
            }
        },
        "node_modules/node-red-node-email/node_modules/railroad-diagrams": {
            "version": "1.0.0",
            "inBundle": true,
            "license": "CC0-1.0"
        },
        "node_modules/node-red-node-email/node_modules/randexp": {
            "version": "0.4.6",
            "inBundle": true,
            "license": "MIT",
            "dependencies": {
                "discontinuous-range": "1.0.0",
                "ret": "~0.1.10"
            },
            "engines": {
                "node": ">=0.12"
            }
        },
        "node_modules/node-red-node-email/node_modules/readable-stream": {
            "version": "1.1.14",
            "inBundle": true,
            "license": "MIT",
            "dependencies": {
                "core-util-is": "~1.0.0",
                "inherits": "~2.0.1",
                "isarray": "0.0.1",
                "string_decoder": "~0.10.x"
            }
        },
        "node_modules/node-red-node-email/node_modules/ret": {
            "version": "0.1.15",
            "inBundle": true,
            "license": "MIT",
            "engines": {
                "node": ">=0.12"
            }
        },
        "node_modules/node-red-node-email/node_modules/safer-buffer": {
            "version": "2.1.2",
            "inBundle": true,
            "license": "MIT"
        },
        "node_modules/node-red-node-email/node_modules/selderee": {
            "version": "0.6.0",
            "inBundle": true,
            "license": "MIT",
            "dependencies": {
                "parseley": "^0.7.0"
            },
            "funding": {
                "url": "https://ko-fi.com/killymxi"
            }
        },
        "node_modules/node-red-node-email/node_modules/semver": {
            "version": "5.3.0",
            "inBundle": true,
            "license": "ISC",
            "bin": {
                "semver": "bin/semver"
            }
        },
        "node_modules/node-red-node-email/node_modules/smtp-server": {
            "version": "3.11.0",
            "inBundle": true,
            "license": "MIT",
            "dependencies": {
                "base32.js": "0.1.0",
                "ipv6-normalize": "1.0.1",
                "nodemailer": "6.7.3"
            },
            "engines": {
                "node": ">=6.0.0"
            }
        },
        "node_modules/node-red-node-email/node_modules/smtp-server/node_modules/nodemailer": {
            "version": "6.7.3",
            "inBundle": true,
            "license": "MIT",
            "engines": {
                "node": ">=6.0.0"
            }
        },
        "node_modules/node-red-node-email/node_modules/string_decoder": {
            "version": "0.10.31",
            "inBundle": true,
            "license": "MIT"
        },
        "node_modules/node-red-node-email/node_modules/tlds": {
            "version": "1.231.0",
            "inBundle": true,
            "license": "MIT",
            "bin": {
                "tlds": "bin.js"
            }
        },
        "node_modules/node-red-node-email/node_modules/uc.micro": {
            "version": "1.0.6",
            "inBundle": true,
            "license": "MIT"
        },
        "node_modules/node-red-node-email/node_modules/utf7": {
            "version": "1.0.2",
            "inBundle": true,
            "dependencies": {
                "semver": "~5.3.0"
            }
        },
        "node_modules/nodemailer": {
            "version": "6.9.0",
            "resolved": "https://registry.npmjs.org/nodemailer/-/nodemailer-6.9.0.tgz",
            "integrity": "sha512-jFaCEGTeT3E/m/5R2MHWiyQH3pSARECRUDM+1hokOYc3lQAAG7ASuy+2jIsYVf+RVa9zePopSQwKNVFH8DKUpA==",
            "engines": {
                "node": ">=6.0.0"
            }
        },
        "node_modules/object-inspect": {
            "version": "1.12.3",
            "resolved": "https://registry.npmjs.org/object-inspect/-/object-inspect-1.12.3.tgz",
            "integrity": "sha512-geUvdk7c+eizMNUDkRpW1wJwgfOiOeHbxBR/hLXK1aT6zmVSO0jsQcs7fj6MGw89jC/cjGfLcNOrtMYtGqm81g==",
            "funding": {
                "url": "https://github.com/sponsors/ljharb"
            }
        },
        "node_modules/on-finished": {
            "version": "2.4.1",
            "resolved": "https://registry.npmjs.org/on-finished/-/on-finished-2.4.1.tgz",
            "integrity": "sha512-oVlzkg3ENAhCk2zdv7IJwd/QUD4z2RxRwpkcGY8psCVcCYZNq4wYnVWALHM+brtuJjePWiYF/ClmuDr8Ch5+kg==",
            "dependencies": {
                "ee-first": "1.1.1"
            },
            "engines": {
                "node": ">= 0.8"
            }
        },
        "node_modules/qs": {
            "version": "6.11.0",
            "resolved": "https://registry.npmjs.org/qs/-/qs-6.11.0.tgz",
            "integrity": "sha512-MvjoMCJwEarSbUYk5O+nmoSzSutSsTwF85zcHPQ9OrlFoZOYIjaqBAJIqIXjptyD5vThxGq52Xu/MaJzRkIk4Q==",
            "dependencies": {
                "side-channel": "^1.0.4"
            },
            "engines": {
                "node": ">=0.6"
            },
            "funding": {
                "url": "https://github.com/sponsors/ljharb"
            }
        },
        "node_modules/raw-body": {
            "version": "2.5.1",
            "resolved": "https://registry.npmjs.org/raw-body/-/raw-body-2.5.1.tgz",
            "integrity": "sha512-qqJBtEyVgS0ZmPGdCFPWJ3FreoqvG4MVQln/kCgF7Olq95IbOp0/BWyMwbdtn4VTvkM8Y7khCQ2Xgk/tcrCXig==",
            "dependencies": {
                "bytes": "3.1.2",
                "http-errors": "2.0.0",
                "iconv-lite": "0.4.24",
                "unpipe": "1.0.0"
            },
            "engines": {
                "node": ">= 0.8"
            }
        },
        "node_modules/safer-buffer": {
            "version": "2.1.2",
            "resolved": "https://registry.npmjs.org/safer-buffer/-/safer-buffer-2.1.2.tgz",
            "integrity": "sha512-YZo3K82SD7Riyi0E1EQPojLz7kpepnSQI9IyPbHHg1XXXevb5dJI7tpyN2ADxGcQbHG7vcyRHk0cbwqcQriUtg=="
        },
        "node_modules/setprototypeof": {
            "version": "1.2.0",
            "resolved": "https://registry.npmjs.org/setprototypeof/-/setprototypeof-1.2.0.tgz",
            "integrity": "sha512-E5LDX7Wrp85Kil5bhZv46j8jOeboKq5JMmYM3gVGdGH8xFpPWXUMsNrlODCrkoxMEeNi/XZIwuRvY4XNwYMJpw=="
        },
        "node_modules/side-channel": {
            "version": "1.0.4",
            "resolved": "https://registry.npmjs.org/side-channel/-/side-channel-1.0.4.tgz",
            "integrity": "sha512-q5XPytqFEIKHkGdiMIrY10mvLRvnQh42/+GoBlFW3b2LXLE2xxJpZFdm94we0BaoV3RwJyGqg5wS7epxTv0Zvw==",
            "dependencies": {
                "call-bind": "^1.0.0",
                "get-intrinsic": "^1.0.2",
                "object-inspect": "^1.9.0"
            },
            "funding": {
                "url": "https://github.com/sponsors/ljharb"
            }
        },
        "node_modules/statuses": {
            "version": "2.0.1",
            "resolved": "https://registry.npmjs.org/statuses/-/statuses-2.0.1.tgz",
            "integrity": "sha512-RwNA9Z/7PrK06rYLIzFMlaF+l73iwpzsqRIFgbMLbTcLD6cOao82TaWefPXQvB2fOC4AjuYSEndS7N/mTCbkdQ==",
            "engines": {
                "node": ">= 0.8"
            }
        },
        "node_modules/toidentifier": {
            "version": "1.0.1",
            "resolved": "https://registry.npmjs.org/toidentifier/-/toidentifier-1.0.1.tgz",
            "integrity": "sha512-o5sSPKEkg/DIQNmH43V0/uerLrpzVedkUh8tGNvaeXpfpuwjKenlSox/2O/BTlZUtEe+JG7s5YhEz608PlAHRA==",
            "engines": {
                "node": ">=0.6"
            }
        },
        "node_modules/type-is": {
            "version": "1.6.18",
            "resolved": "https://registry.npmjs.org/type-is/-/type-is-1.6.18.tgz",
            "integrity": "sha512-TkRKr9sUTxEH8MdfuCSP7VizJyzRNMjj2J2do2Jr3Kym598JVdEksuzPQCnlFPW4ky9Q+iA+ma9BGm06XQBy8g==",
            "dependencies": {
                "media-typer": "0.3.0",
                "mime-types": "~2.1.24"
            },
            "engines": {
                "node": ">= 0.6"
            }
        },
        "node_modules/unpipe": {
            "version": "1.0.0",
            "resolved": "https://registry.npmjs.org/unpipe/-/unpipe-1.0.0.tgz",
            "integrity": "sha512-pjy2bYhSsufwWlKwPc+l3cN7+wuJlK6uz0YdJEOlQDbl6jo/YlPi4mb8agUkVC8BF7V8NuzeyPNqRksA3hztKQ==",
            "engines": {
                "node": ">= 0.8"
            }
        }
    },
    "dependencies": {
        "body-parser": {
            "version": "1.20.1",
            "resolved": "https://registry.npmjs.org/body-parser/-/body-parser-1.20.1.tgz",
            "integrity": "sha512-jWi7abTbYwajOytWCQc37VulmWiRae5RyTpaCyDcS5/lMdtwSz5lOpDE67srw/HYe35f1z3fDQw+3txg7gNtWw==",
            "requires": {
                "bytes": "3.1.2",
                "content-type": "~1.0.4",
                "debug": "2.6.9",
                "depd": "2.0.0",
                "destroy": "1.2.0",
                "http-errors": "2.0.0",
                "iconv-lite": "0.4.24",
                "on-finished": "2.4.1",
                "qs": "6.11.0",
                "raw-body": "2.5.1",
                "type-is": "~1.6.18",
                "unpipe": "1.0.0"
            }
        },
        "bytes": {
            "version": "3.1.2",
            "resolved": "https://registry.npmjs.org/bytes/-/bytes-3.1.2.tgz",
            "integrity": "sha512-/Nf7TyzTx6S3yRJObOAV7956r8cr2+Oj8AC5dt8wSP3BQAoeX58NoHyCU8P8zGkNXStjTSi6fzO6F0pBdcYbEg=="
        },
        "call-bind": {
            "version": "1.0.2",
            "resolved": "https://registry.npmjs.org/call-bind/-/call-bind-1.0.2.tgz",
            "integrity": "sha512-7O+FbCihrB5WGbFYesctwmTKae6rOiIzmz1icreWJ+0aA7LJfuqhEso2T9ncpcFtzMQtzXf2QGGueWJGTYsqrA==",
            "requires": {
                "function-bind": "^1.1.1",
                "get-intrinsic": "^1.0.2"
            }
        },
        "content-type": {
            "version": "1.0.4",
            "resolved": "https://registry.npmjs.org/content-type/-/content-type-1.0.4.tgz",
            "integrity": "sha512-hIP3EEPs8tB9AT1L+NUqtwOAps4mk2Zob89MWXMHjHWg9milF/j4osnnQLXBCBFBk/tvIG/tUc9mOUJiPBhPXA=="
        },
        "debug": {
            "version": "2.6.9",
            "resolved": "https://registry.npmjs.org/debug/-/debug-2.6.9.tgz",
            "integrity": "sha512-bC7ElrdJaJnPbAP+1EotYvqZsb3ecl5wi6Bfi6BJTUcNowp6cvspg0jXznRTKDjm/E7AdgFBVeAPVMNcKGsHMA==",
            "requires": {
                "ms": "2.0.0"
            }
        },
        "depd": {
            "version": "2.0.0",
            "resolved": "https://registry.npmjs.org/depd/-/depd-2.0.0.tgz",
            "integrity": "sha512-g7nH6P6dyDioJogAAGprGpCtVImJhpPk/roCzdb3fIh61/s/nPsfR6onyMwkCAR/OlC3yBC0lESvUoQEAssIrw=="
        },
        "destroy": {
            "version": "1.2.0",
            "resolved": "https://registry.npmjs.org/destroy/-/destroy-1.2.0.tgz",
            "integrity": "sha512-2sJGJTaXIIaR1w4iJSNoN0hnMY7Gpc/n8D4qSCJw8QqFWXf7cuAgnEHxBpweaVcPevC2l3KpjYCx3NypQQgaJg=="
        },
        "ee-first": {
            "version": "1.1.1",
            "resolved": "https://registry.npmjs.org/ee-first/-/ee-first-1.1.1.tgz",
            "integrity": "sha512-WMwm9LhRUo+WUaRN+vRuETqG89IgZphVSNkdFgeb6sS/E4OrDIN7t48CAewSHXc6C8lefD8KKfr5vY61brQlow=="
        },
        "function-bind": {
            "version": "1.1.1",
            "resolved": "https://registry.npmjs.org/function-bind/-/function-bind-1.1.1.tgz",
            "integrity": "sha512-yIovAzMX49sF8Yl58fSCWJ5svSLuaibPxXQJFLmBObTuCr0Mf1KiPopGM9NiFjiYBCbfaa2Fh6breQ6ANVTI0A=="
        },
        "get-intrinsic": {
            "version": "1.1.3",
            "resolved": "https://registry.npmjs.org/get-intrinsic/-/get-intrinsic-1.1.3.tgz",
            "integrity": "sha512-QJVz1Tj7MS099PevUG5jvnt9tSkXN8K14dxQlikJuPt4uD9hHAHjLyLBiLR5zELelBdD9QNRAXZzsJx0WaDL9A==",
            "requires": {
                "function-bind": "^1.1.1",
                "has": "^1.0.3",
                "has-symbols": "^1.0.3"
            }
        },
        "has": {
            "version": "1.0.3",
            "resolved": "https://registry.npmjs.org/has/-/has-1.0.3.tgz",
            "integrity": "sha512-f2dvO0VU6Oej7RkWJGrehjbzMAjFp5/VKPp5tTpWIV4JHHZK1/BxbFRtf/siA2SWTe09caDmVtYYzWEIbBS4zw==",
            "requires": {
                "function-bind": "^1.1.1"
            }
        },
        "has-symbols": {
            "version": "1.0.3",
            "resolved": "https://registry.npmjs.org/has-symbols/-/has-symbols-1.0.3.tgz",
            "integrity": "sha512-l3LCuF6MgDNwTDKkdYGEihYjt5pRPbEg46rtlmnSPlUbgmB8LOIrKJbYYFBSbnPaJexMKtiPO8hmeRjRz2Td+A=="
        },
        "http-errors": {
            "version": "2.0.0",
            "resolved": "https://registry.npmjs.org/http-errors/-/http-errors-2.0.0.tgz",
            "integrity": "sha512-FtwrG/euBzaEjYeRqOgly7G0qviiXoJWnvEH2Z1plBdXgbyjv34pHTSb9zoeHMyDy33+DWy5Wt9Wo+TURtOYSQ==",
            "requires": {
                "depd": "2.0.0",
                "inherits": "2.0.4",
                "setprototypeof": "1.2.0",
                "statuses": "2.0.1",
                "toidentifier": "1.0.1"
            }
        },
        "iconv-lite": {
            "version": "0.4.24",
            "resolved": "https://registry.npmjs.org/iconv-lite/-/iconv-lite-0.4.24.tgz",
            "integrity": "sha512-v3MXnZAcvnywkTUEZomIActle7RXXeedOR31wwl7VlyoXO4Qi9arvSenNQWne1TcRwhCL1HwLI21bEqdpj8/rA==",
            "requires": {
                "safer-buffer": ">= 2.1.2 < 3"
            }
        },
        "inherits": {
            "version": "2.0.4",
            "resolved": "https://registry.npmjs.org/inherits/-/inherits-2.0.4.tgz",
            "integrity": "sha512-k/vGaX4/Yla3WzyMCvTQOXYeIHvqOKtnqBduzTHpzpQZzAskKMhZ2K+EnBiSM9zGSoIFeMpXKxa4dYeZIQqewQ=="
        },
        "media-typer": {
            "version": "0.3.0",
            "resolved": "https://registry.npmjs.org/media-typer/-/media-typer-0.3.0.tgz",
            "integrity": "sha512-dq+qelQ9akHpcOl/gUVRTxVIOkAJ1wR3QAvb4RsVjS8oVoFjDGTc679wJYmUmknUF5HwMLOgb5O+a3KxfWapPQ=="
        },
        "mime-db": {
            "version": "1.52.0",
            "resolved": "https://registry.npmjs.org/mime-db/-/mime-db-1.52.0.tgz",
            "integrity": "sha512-sPU4uV7dYlvtWJxwwxHD0PuihVNiE7TyAbQ5SWxDCB9mUYvOgroQOwYQQOKPJ8CIbE+1ETVlOoK1UC2nU3gYvg=="
        },
        "mime-types": {
            "version": "2.1.35",
            "resolved": "https://registry.npmjs.org/mime-types/-/mime-types-2.1.35.tgz",
            "integrity": "sha512-ZDY+bPm5zTTF+YpCrAU9nK0UgICYPT0QtT1NZWFv4s++TNkcgVaT0g6+4R2uI4MjQjzysHB1zxuWL50hzaeXiw==",
            "requires": {
                "mime-db": "1.52.0"
            }
        },
        "ms": {
            "version": "2.0.0",
            "resolved": "https://registry.npmjs.org/ms/-/ms-2.0.0.tgz",
            "integrity": "sha512-Tpp60P6IUJDTuOq/5Z8cdskzJujfwqfOTkrwIwj7IRISpnkJnT6SyJ4PCPnGMoFjC9ddhal5KVIYtAt97ix05A=="
        },
        "node-red-node-email": {
            "version": "1.18.4",
            "resolved": "https://registry.npmjs.org/node-red-node-email/-/node-red-node-email-1.18.4.tgz",
            "integrity": "sha512-Qu5r/g+g91UBmVBz8aSyof9v79PTvUNqa7KDgoPPJSb6ZwZtswV7orQil2Oio9ZChaejp3GG63LoLyqaPeU53Q==",
            "requires": {
                "imap": "^0.8.19",
                "mailparser": "~3.5.0",
                "nodemailer": "^6.8.0",
                "smtp-server": "^3.11.0"
            },
            "dependencies": {
                "@selderee/plugin-htmlparser2": {
                    "version": "0.6.0",
                    "bundled": true,
                    "requires": {
                        "domhandler": "^4.2.0",
                        "selderee": "^0.6.0"
                    }
                },
                "base32.js": {
                    "version": "0.1.0",
                    "bundled": true
                },
                "commander": {
                    "version": "2.20.3",
                    "bundled": true
                },
                "core-util-is": {
                    "version": "1.0.3",
                    "bundled": true
                },
                "deepmerge": {
                    "version": "4.2.2",
                    "bundled": true
                },
                "discontinuous-range": {
                    "version": "1.0.0",
                    "bundled": true
                },
                "dom-serializer": {
                    "version": "1.4.1",
                    "bundled": true,
                    "requires": {
                        "domelementtype": "^2.0.1",
                        "domhandler": "^4.2.0",
                        "entities": "^2.0.0"
                    }
                },
                "domelementtype": {
                    "version": "2.3.0",
                    "bundled": true
                },
                "domhandler": {
                    "version": "4.3.1",
                    "bundled": true,
                    "requires": {
                        "domelementtype": "^2.2.0"
                    }
                },
                "domutils": {
                    "version": "2.8.0",
                    "bundled": true,
                    "requires": {
                        "dom-serializer": "^1.0.1",
                        "domelementtype": "^2.2.0",
                        "domhandler": "^4.2.0"
                    }
                },
                "encoding-japanese": {
                    "version": "2.0.0",
                    "bundled": true
                },
                "entities": {
                    "version": "2.2.0",
                    "bundled": true
                },
                "he": {
                    "version": "1.2.0",
                    "bundled": true
                },
                "html-to-text": {
                    "version": "8.2.0",
                    "bundled": true,
                    "requires": {
                        "@selderee/plugin-htmlparser2": "^0.6.0",
                        "deepmerge": "^4.2.2",
                        "he": "^1.2.0",
                        "htmlparser2": "^6.1.0",
                        "minimist": "^1.2.6",
                        "selderee": "^0.6.0"
                    }
                },
                "htmlparser2": {
                    "version": "6.1.0",
                    "bundled": true,
                    "requires": {
                        "domelementtype": "^2.0.1",
                        "domhandler": "^4.0.0",
                        "domutils": "^2.5.2",
                        "entities": "^2.0.0"
                    }
                },
                "iconv-lite": {
                    "version": "0.6.3",
                    "bundled": true,
                    "requires": {
                        "safer-buffer": ">= 2.1.2 < 3.0.0"
                    }
                },
                "imap": {
                    "version": "0.8.19",
                    "bundled": true,
                    "requires": {
                        "readable-stream": "1.1.x",
                        "utf7": ">=1.0.2"
                    }
                },
                "inherits": {
                    "version": "2.0.4",
                    "bundled": true
                },
                "ipv6-normalize": {
                    "version": "1.0.1",
                    "bundled": true
                },
                "isarray": {
                    "version": "0.0.1",
                    "bundled": true
                },
                "libbase64": {
                    "version": "1.2.1",
                    "bundled": true
                },
                "libmime": {
                    "version": "5.1.0",
                    "bundled": true,
                    "requires": {
                        "encoding-japanese": "2.0.0",
                        "iconv-lite": "0.6.3",
                        "libbase64": "1.2.1",
                        "libqp": "1.1.0"
                    }
                },
                "libqp": {
                    "version": "1.1.0",
                    "bundled": true
                },
                "linkify-it": {
                    "version": "4.0.0",
                    "bundled": true,
                    "requires": {
                        "uc.micro": "^1.0.1"
                    }
                },
                "mailparser": {
                    "version": "3.5.0",
                    "bundled": true,
                    "requires": {
                        "encoding-japanese": "2.0.0",
                        "he": "1.2.0",
                        "html-to-text": "8.2.0",
                        "iconv-lite": "0.6.3",
                        "libmime": "5.1.0",
                        "linkify-it": "4.0.0",
                        "mailsplit": "5.3.2",
                        "nodemailer": "6.7.3",
                        "tlds": "1.231.0"
                    },
                    "dependencies": {
                        "nodemailer": {
                            "version": "6.7.3",
                            "bundled": true
                        }
                    }
                },
                "mailsplit": {
                    "version": "5.3.2",
                    "bundled": true,
                    "requires": {
                        "libbase64": "1.2.1",
                        "libmime": "5.1.0",
                        "libqp": "1.1.0"
                    }
                },
                "minimist": {
                    "version": "1.2.7",
                    "bundled": true
                },
                "moo": {
                    "version": "0.5.2",
                    "bundled": true
                },
                "nearley": {
                    "version": "2.20.1",
                    "bundled": true,
                    "requires": {
                        "commander": "^2.19.0",
                        "moo": "^0.5.0",
                        "railroad-diagrams": "^1.0.0",
                        "randexp": "0.4.6"
                    }
                },
                "nodemailer": {
                    "version": "6.8.0",
                    "bundled": true
                },
                "parseley": {
                    "version": "0.7.0",
                    "bundled": true,
                    "requires": {
                        "moo": "^0.5.1",
                        "nearley": "^2.20.1"
                    }
                },
                "railroad-diagrams": {
                    "version": "1.0.0",
                    "bundled": true
                },
                "randexp": {
                    "version": "0.4.6",
                    "bundled": true,
                    "requires": {
                        "discontinuous-range": "1.0.0",
                        "ret": "~0.1.10"
                    }
                },
                "readable-stream": {
                    "version": "1.1.14",
                    "bundled": true,
                    "requires": {
                        "core-util-is": "~1.0.0",
                        "inherits": "~2.0.1",
                        "isarray": "0.0.1",
                        "string_decoder": "~0.10.x"
                    }
                },
                "ret": {
                    "version": "0.1.15",
                    "bundled": true
                },
                "safer-buffer": {
                    "version": "2.1.2",
                    "bundled": true
                },
                "selderee": {
                    "version": "0.6.0",
                    "bundled": true,
                    "requires": {
                        "parseley": "^0.7.0"
                    }
                },
                "semver": {
                    "version": "5.3.0",
                    "bundled": true
                },
                "smtp-server": {
                    "version": "3.11.0",
                    "bundled": true,
                    "requires": {
                        "base32.js": "0.1.0",
                        "ipv6-normalize": "1.0.1",
                        "nodemailer": "6.7.3"
                    },
                    "dependencies": {
                        "nodemailer": {
                            "version": "6.7.3",
                            "bundled": true
                        }
                    }
                },
                "string_decoder": {
                    "version": "0.10.31",
                    "bundled": true
                },
                "tlds": {
                    "version": "1.231.0",
                    "bundled": true
                },
                "uc.micro": {
                    "version": "1.0.6",
                    "bundled": true
                },
                "utf7": {
                    "version": "1.0.2",
                    "bundled": true,
                    "requires": {
                        "semver": "~5.3.0"
                    }
                }
            }
        },
        "nodemailer": {
            "version": "6.9.0",
            "resolved": "https://registry.npmjs.org/nodemailer/-/nodemailer-6.9.0.tgz",
            "integrity": "sha512-jFaCEGTeT3E/m/5R2MHWiyQH3pSARECRUDM+1hokOYc3lQAAG7ASuy+2jIsYVf+RVa9zePopSQwKNVFH8DKUpA=="
        },
        "object-inspect": {
            "version": "1.12.3",
            "resolved": "https://registry.npmjs.org/object-inspect/-/object-inspect-1.12.3.tgz",
            "integrity": "sha512-geUvdk7c+eizMNUDkRpW1wJwgfOiOeHbxBR/hLXK1aT6zmVSO0jsQcs7fj6MGw89jC/cjGfLcNOrtMYtGqm81g=="
        },
        "on-finished": {
            "version": "2.4.1",
            "resolved": "https://registry.npmjs.org/on-finished/-/on-finished-2.4.1.tgz",
            "integrity": "sha512-oVlzkg3ENAhCk2zdv7IJwd/QUD4z2RxRwpkcGY8psCVcCYZNq4wYnVWALHM+brtuJjePWiYF/ClmuDr8Ch5+kg==",
            "requires": {
                "ee-first": "1.1.1"
            }
        },
        "qs": {
            "version": "6.11.0",
            "resolved": "https://registry.npmjs.org/qs/-/qs-6.11.0.tgz",
            "integrity": "sha512-MvjoMCJwEarSbUYk5O+nmoSzSutSsTwF85zcHPQ9OrlFoZOYIjaqBAJIqIXjptyD5vThxGq52Xu/MaJzRkIk4Q==",
            "requires": {
                "side-channel": "^1.0.4"
            }
        },
        "raw-body": {
            "version": "2.5.1",
            "resolved": "https://registry.npmjs.org/raw-body/-/raw-body-2.5.1.tgz",
            "integrity": "sha512-qqJBtEyVgS0ZmPGdCFPWJ3FreoqvG4MVQln/kCgF7Olq95IbOp0/BWyMwbdtn4VTvkM8Y7khCQ2Xgk/tcrCXig==",
            "requires": {
                "bytes": "3.1.2",
                "http-errors": "2.0.0",
                "iconv-lite": "0.4.24",
                "unpipe": "1.0.0"
            }
        },
        "safer-buffer": {
            "version": "2.1.2",
            "resolved": "https://registry.npmjs.org/safer-buffer/-/safer-buffer-2.1.2.tgz",
            "integrity": "sha512-YZo3K82SD7Riyi0E1EQPojLz7kpepnSQI9IyPbHHg1XXXevb5dJI7tpyN2ADxGcQbHG7vcyRHk0cbwqcQriUtg=="
        },
        "setprototypeof": {
            "version": "1.2.0",
            "resolved": "https://registry.npmjs.org/setprototypeof/-/setprototypeof-1.2.0.tgz",
            "integrity": "sha512-E5LDX7Wrp85Kil5bhZv46j8jOeboKq5JMmYM3gVGdGH8xFpPWXUMsNrlODCrkoxMEeNi/XZIwuRvY4XNwYMJpw=="
        },
        "side-channel": {
            "version": "1.0.4",
            "resolved": "https://registry.npmjs.org/side-channel/-/side-channel-1.0.4.tgz",
            "integrity": "sha512-q5XPytqFEIKHkGdiMIrY10mvLRvnQh42/+GoBlFW3b2LXLE2xxJpZFdm94we0BaoV3RwJyGqg5wS7epxTv0Zvw==",
            "requires": {
                "call-bind": "^1.0.0",
                "get-intrinsic": "^1.0.2",
                "object-inspect": "^1.9.0"
            }
        },
        "statuses": {
            "version": "2.0.1",
            "resolved": "https://registry.npmjs.org/statuses/-/statuses-2.0.1.tgz",
            "integrity": "sha512-RwNA9Z/7PrK06rYLIzFMlaF+l73iwpzsqRIFgbMLbTcLD6cOao82TaWefPXQvB2fOC4AjuYSEndS7N/mTCbkdQ=="
        },
        "toidentifier": {
            "version": "1.0.1",
            "resolved": "https://registry.npmjs.org/toidentifier/-/toidentifier-1.0.1.tgz",
            "integrity": "sha512-o5sSPKEkg/DIQNmH43V0/uerLrpzVedkUh8tGNvaeXpfpuwjKenlSox/2O/BTlZUtEe+JG7s5YhEz608PlAHRA=="
        },
        "type-is": {
            "version": "1.6.18",
            "resolved": "https://registry.npmjs.org/type-is/-/type-is-1.6.18.tgz",
            "integrity": "sha512-TkRKr9sUTxEH8MdfuCSP7VizJyzRNMjj2J2do2Jr3Kym598JVdEksuzPQCnlFPW4ky9Q+iA+ma9BGm06XQBy8g==",
            "requires": {
                "media-typer": "0.3.0",
                "mime-types": "~2.1.24"
            }
        },
        "unpipe": {
            "version": "1.0.0",
            "resolved": "https://registry.npmjs.org/unpipe/-/unpipe-1.0.0.tgz",
            "integrity": "sha512-pjy2bYhSsufwWlKwPc+l3cN7+wuJlK6uz0YdJEOlQDbl6jo/YlPi4mb8agUkVC8BF7V8NuzeyPNqRksA3hztKQ=="
        }
    }
}
